golang.org/x/sync v0.14.0 h1:woo0S4Yywslg6hp4eUFjTVOyKt0RookbpAHG4c1HmhQ=
golang.org/x/sync v0.14.0/go.mod h1:1dzgHSNfp02xaA81J2MS99Qcpr2w7fw1gpm99rleRqA=
matheusd.com/depvendoredtestify v1.10.0-alpha h1:lqc2KJwJc/6OnZWv2CKSMoKZoY7wHpIZkCqql6OOXgI=
matheusd.com/depvendoredtestify v1.10.0-alpha/go.mod h1:rAglwB5na7ys61J0tMVJ6XMy+LWCPy/R4nJwd6RbpL8=
